
Microsoft Visual Studio Solution File, Format Version 12.00
# Visual Studio Version 17
VisualStudioVersion = 17.0.31903.59
MinimumVisualStudioVersion = 10.0.40219.1
Project("{2150E333-8FDC-42A3-9474-1A3956D46DE8}") = "src", "src", "{04637C7C-9BC1-4D94-AE8F-F27C3DFC3C0A}"
EndProject
Project("{F2A71F9B-5D33-465A-A702-920D77279786}") = "Fable.Sdk", "src\Fable.Sdk\Fable.Sdk.fsproj", "{F6F455DA-38FE-4BE1-ADA2-5F58F969B426}"
EndProject
Global
	GlobalSection(SolutionConfigurationPlatforms) = preSolution
		Debug|Any CPU = Debug|Any CPU
		Release|Any CPU = Release|Any CPU
	EndGlobalSection
	GlobalSection(SolutionProperties) = preSolution
		HideSolutionNode = FALSE
	EndGlobalSection
	GlobalSection(ProjectConfigurationPlatforms) = postSolution
		{F6F455DA-38FE-4BE1-ADA2-5F58F969B426}.Debug|Any CPU.ActiveCfg = Debug|Any CPU
		{F6F455DA-38FE-4BE1-ADA2-5F58F969B426}.Debug|Any CPU.Build.0 = Debug|Any CPU
		{F6F455DA-38FE-4BE1-ADA2-5F58F969B426}.Release|Any CPU.ActiveCfg = Release|Any CPU
		{F6F455DA-38FE-4BE1-ADA2-5F58F969B426}.Release|Any CPU.Build.0 = Release|Any CPU
	EndGlobalSection
	GlobalSection(NestedProjects) = preSolution
		{F6F455DA-38FE-4BE1-ADA2-5F58F969B426} = {04637C7C-9BC1-4D94-AE8F-F27C3DFC3C0A}
	EndGlobalSection
EndGlobal
